
Microsoft Visual Studio Solution File, Format Version 12.00
# Visual Studio Version 17
VisualStudioVersion = 17.0.31912.275
MinimumVisualStudioVersion = 10.0.40219.1
Project("{9A19103F-16F7-4668-BE54-9A1E7A4F7556}") = "WebApi", "WebApi\WebApi.csproj", "{2E7981C9-3255-44C6-9FB0-FBC480C8E7FD}"
EndProject
Project("{FAE04EC0-301F-11D3-BF4B-00C04F79EFBC}") = "WebClientMvc", "WebClientMvc\WebClientMvc.csproj", "{73E089DF-EF45-4578-9FFA-4CACCF7D3E6D}"
EndProject
Global
	GlobalSection(SolutionConfigurationPlatforms) = preSolution
		Debug|Any CPU = Debug|Any CPU
		Release|Any CPU = Release|Any CPU
	EndGlobalSection
	GlobalSection(ProjectConfigurationPlatforms) = postSolution
		{2E7981C9-3255-44C6-9FB0-FBC480C8E7FD}.Debug|Any CPU.ActiveCfg = Debug|Any CPU
		{2E7981C9-3255-44C6-9FB0-FBC480C8E7FD}.Debug|Any CPU.Build.0 = Debug|Any CPU
		{2E7981C9-3255-44C6-9FB0-FBC480C8E7FD}.Release|Any CPU.ActiveCfg = Release|Any CPU
		{2E7981C9-3255-44C6-9FB0-FBC480C8E7FD}.Release|Any CPU.Build.0 = Release|Any CPU
		{73E089DF-EF45-4578-9FFA-4CACCF7D3E6D}.Debug|Any CPU.ActiveCfg = Debug|Any CPU
		{73E089DF-EF45-4578-9FFA-4CACCF7D3E6D}.Debug|Any CPU.Build.0 = Debug|Any CPU
		{73E089DF-EF45-4578-9FFA-4CACCF7D3E6D}.Release|Any CPU.ActiveCfg = Release|Any CPU
		{73E089DF-EF45-4578-9FFA-4CACCF7D3E6D}.Release|Any CPU.Build.0 = Release|Any CPU
	EndGlobalSection
	GlobalSection(SolutionProperties) = preSolution
		HideSolutionNode = FALSE
	EndGlobalSection
	GlobalSection(ExtensibilityGlobals) = postSolution
		SolutionGuid = {2B21BC8D-1B97-4E97-BA18-853AB127D638}
	EndGlobalSection
EndGlobal
